
Microsoft Visual Studio Solution File, Format Version 12.00
# Visual Studio 15
Project("{FAE04EC0-301F-11D3-BF4B-00C04F79EFBC}") = "Assembly-CSharp", "Assembly-CSharp.csproj", "{A39F178A-402C-C9A2-0CB9-60731D1C9576}"
EndProject
Project("{FAE04EC0-301F-11D3-BF4B-00C04F79EFBC}") = "Assembly-CSharp-Editor", "Assembly-CSharp-Editor.csproj", "{CA1F7AF2-3188-ACC1-6B6E-B7CD0099D37B}"
EndProject
Global
	GlobalSection(SolutionConfigurationPlatforms) = preSolution
		Debug|Any CPU = Debug|Any CPU
		Release|Any CPU = Release|Any CPU
	EndGlobalSection
	GlobalSection(ProjectConfigurationPlatforms) = postSolution
		{A39F178A-402C-C9A2-0CB9-60731D1C9576}.Debug|Any CPU.ActiveCfg = Debug|Any CPU
		{A39F178A-402C-C9A2-0CB9-60731D1C9576}.Debug|Any CPU.Build.0 = Debug|Any CPU
		{A39F178A-402C-C9A2-0CB9-60731D1C9576}.Release|Any CPU.ActiveCfg = Release|Any CPU
		{A39F178A-402C-C9A2-0CB9-60731D1C9576}.Release|Any CPU.Build.0 = Release|Any CPU
		{CA1F7AF2-3188-ACC1-6B6E-B7CD0099D37B}.Debug|Any CPU.ActiveCfg = Debug|Any CPU
		{CA1F7AF2-3188-ACC1-6B6E-B7CD0099D37B}.Debug|Any CPU.Build.0 = Debug|Any CPU
		{CA1F7AF2-3188-ACC1-6B6E-B7CD0099D37B}.Release|Any CPU.ActiveCfg = Release|Any CPU
		{CA1F7AF2-3188-ACC1-6B6E-B7CD0099D37B}.Release|Any CPU.Build.0 = Release|Any CPU
	EndGlobalSection
	GlobalSection(SolutionProperties) = preSolution
		HideSolutionNode = FALSE
	EndGlobalSection
EndGlobal
